
Microsoft Visual Studio Solution File, Format Version 12.00
# Visual Studio Version 17
VisualStudioVersion = 17.10.34928.147
MinimumVisualStudioVersion = 10.0.40219.1
Project("{FAE04EC0-301F-11D3-BF4B-00C04F79EFBC}") = "Minux Shell", "Minux Shell\Minux Shell.csproj", "{B37B4471-75CF-4AC1-8A13-ADB01E97E43C}"
EndProject
Global
	GlobalSection(SolutionConfigurationPlatforms) = preSolution
		Debug|Any CPU = Debug|Any CPU
		Release|Any CPU = Release|Any CPU
	EndGlobalSection
	GlobalSection(ProjectConfigurationPlatforms) = postSolution
		{B37B4471-75CF-4AC1-8A13-ADB01E97E43C}.Debug|Any CPU.ActiveCfg = Debug|Any CPU
		{B37B4471-75CF-4AC1-8A13-ADB01E97E43C}.Debug|Any CPU.Build.0 = Debug|Any CPU
		{B37B4471-75CF-4AC1-8A13-ADB01E97E43C}.Release|Any CPU.ActiveCfg = Release|Any CPU
		{B37B4471-75CF-4AC1-8A13-ADB01E97E43C}.Release|Any CPU.Build.0 = Release|Any CPU
	EndGlobalSection
	GlobalSection(SolutionProperties) = preSolution
		HideSolutionNode = FALSE
	EndGlobalSection
	GlobalSection(ExtensibilityGlobals) = postSolution
		SolutionGuid = {3F6E6350-41E3-46F8-9026-AE66C1C4E832}
	EndGlobalSection
EndGlobal
